
Microsoft Visual Studio Solution File, Format Version 12.00
# Visual Studio 15
VisualStudioVersion = 15.0.27130.2036
MinimumVisualStudioVersion = 10.0.40219.1
Project("{9A19103F-16F7-4668-BE54-9A1E7A4F7556}") = "DataArtTask3", "dotnetSchoolTask3\DataArtTask3.csproj", "{72571CBF-0925-427E-A52D-9658A7C69888}"
EndProject
Global
	GlobalSection(SolutionConfigurationPlatforms) = preSolution
		Debug|Any CPU = Debug|Any CPU
		Release|Any CPU = Release|Any CPU
	EndGlobalSection
	GlobalSection(ProjectConfigurationPlatforms) = postSolution
		{72571CBF-0925-427E-A52D-9658A7C69888}.Debug|Any CPU.ActiveCfg = Debug|Any CPU
		{72571CBF-0925-427E-A52D-9658A7C69888}.Debug|Any CPU.Build.0 = Debug|Any CPU
		{72571CBF-0925-427E-A52D-9658A7C69888}.Release|Any CPU.ActiveCfg = Release|Any CPU
		{72571CBF-0925-427E-A52D-9658A7C69888}.Release|Any CPU.Build.0 = Release|Any CPU
	EndGlobalSection
	GlobalSection(SolutionProperties) = preSolution
		HideSolutionNode = FALSE
	EndGlobalSection
	GlobalSection(ExtensibilityGlobals) = postSolution
		SolutionGuid = {CB1C8CF2-436B-4605-B523-80063A1D41C9}
	EndGlobalSection
EndGlobal
